
Microsoft Visual Studio Solution File, Format Version 12.00
# Visual Studio 15
VisualStudioVersion = 15.0.26124.0
MinimumVisualStudioVersion = 15.0.26124.0
Project("{2150E333-8FDC-42A3-9474-1A3956D46DE8}") = "1 - Services", "1 - Services", "{E58D2BDE-8662-4736-87A1-A5A8FB411F8F}"
EndProject
Project("{FAE04EC0-301F-11D3-BF4B-00C04F79EFBC}") = "BR.ITAU.TRANSFER.API.Services", "1 - Services\BR.ITAU.TRANSFER.API.Services\BR.ITAU.TRANSFER.API.Services.csproj", "{D3D6EA2F-DE3C-44CE-8248-47A2B29CF1C5}"
EndProject
Project("{2150E333-8FDC-42A3-9474-1A3956D46DE8}") = "2 - Application", "2 - Application", "{E9355680-71C4-4071-945E-DE501F63374D}"
EndProject
Project("{FAE04EC0-301F-11D3-BF4B-00C04F79EFBC}") = "BR.ITAU.TRANSFER.API.Application", "2 - Application\BR.ITAU.TRANSFER.API.Application\BR.ITAU.TRANSFER.API.Application.csproj", "{0AEC755A-2987-43F2-95BE-3486CFC80439}"
EndProject
Project("{2150E333-8FDC-42A3-9474-1A3956D46DE8}") = "3 - Domain", "3 - Domain", "{DE188D39-7F6E-46B2-A943-317161CFCB67}"
EndProject
Project("{FAE04EC0-301F-11D3-BF4B-00C04F79EFBC}") = "BR.ITAU.TRANSFER.API.Domain", "3 - Domain\BR.ITAU.TRANSFER.API.Domain\BR.ITAU.TRANSFER.API.Domain.csproj", "{4C9E3F87-A611-4AD1-AA41-B684F0CB07EB}"
EndProject
Project("{2150E333-8FDC-42A3-9474-1A3956D46DE8}") = "4 - Infra", "4 - Infra", "{F38F0573-6072-407E-A191-58726A299F9F}"
EndProject
Project("{2150E333-8FDC-42A3-9474-1A3956D46DE8}") = "4.1 - Data", "4.1 - Data", "{54D0B636-14B8-4A7F-8A10-A4B4C3906AF7}"
EndProject
Project("{FAE04EC0-301F-11D3-BF4B-00C04F79EFBC}") = "BR.ITAU.TRANSFER.Infra.Data", "4 - Infra\4.1 - Data\BR.ITAU.TRANSFER.Infra.Data\BR.ITAU.TRANSFER.Infra.Data.csproj", "{676B39DB-571E-4DC3-B723-26C8DC80F493}"
EndProject
Project("{2150E333-8FDC-42A3-9474-1A3956D46DE8}") = "4.2 - CrossCutting", "4.2 - CrossCutting", "{DD0AF3BB-E0C1-43D2-9383-3D12D1113D11}"
EndProject
Project("{FAE04EC0-301F-11D3-BF4B-00C04F79EFBC}") = "BR.ITAU.TRANSFER.Infra.CrossCutting", "4 - Infra\4.2 - CrossCutting\BR.ITAU.TRANSFER.Infra.CrossCutting\BR.ITAU.TRANSFER.Infra.CrossCutting.csproj", "{22DFB061-4C95-4F05-89C8-DAF78AB9BE7C}"
EndProject
Project("{FAE04EC0-301F-11D3-BF4B-00C04F79EFBC}") = "BR.ITAU.TRANSFER.Infra.CrossCutting.IoC", "4 - Infra\4.2 - CrossCutting\BR.ITAU.TRANSFER.Infra.CrossCutting.IoC\BR.ITAU.TRANSFER.Infra.CrossCutting.IoC.csproj", "{FDFEA7A6-E39A-4383-BB1A-42EC7AC48FD5}"
EndProject
Global
	GlobalSection(SolutionConfigurationPlatforms) = preSolution
		Debug|Any CPU = Debug|Any CPU
		Debug|x64 = Debug|x64
		Debug|x86 = Debug|x86
		Release|Any CPU = Release|Any CPU
		Release|x64 = Release|x64
		Release|x86 = Release|x86
	EndGlobalSection
	GlobalSection(SolutionProperties) = preSolution
		HideSolutionNode = FALSE
	EndGlobalSection
	GlobalSection(ProjectConfigurationPlatforms) = postSolution
		{D3D6EA2F-DE3C-44CE-8248-47A2B29CF1C5}.Debug|Any CPU.ActiveCfg = Debug|Any CPU
		{D3D6EA2F-DE3C-44CE-8248-47A2B29CF1C5}.Debug|Any CPU.Build.0 = Debug|Any CPU
		{D3D6EA2F-DE3C-44CE-8248-47A2B29CF1C5}.Debug|x64.ActiveCfg = Debug|Any CPU
		{D3D6EA2F-DE3C-44CE-8248-47A2B29CF1C5}.Debug|x64.Build.0 = Debug|Any CPU
		{D3D6EA2F-DE3C-44CE-8248-47A2B29CF1C5}.Debug|x86.ActiveCfg = Debug|Any CPU
		{D3D6EA2F-DE3C-44CE-8248-47A2B29CF1C5}.Debug|x86.Build.0 = Debug|Any CPU
		{D3D6EA2F-DE3C-44CE-8248-47A2B29CF1C5}.Release|Any CPU.ActiveCfg = Release|Any CPU
		{D3D6EA2F-DE3C-44CE-8248-47A2B29CF1C5}.Release|Any CPU.Build.0 = Release|Any CPU
		{D3D6EA2F-DE3C-44CE-8248-47A2B29CF1C5}.Release|x64.ActiveCfg = Release|Any CPU
		{D3D6EA2F-DE3C-44CE-8248-47A2B29CF1C5}.Release|x64.Build.0 = Release|Any CPU
		{D3D6EA2F-DE3C-44CE-8248-47A2B29CF1C5}.Release|x86.ActiveCfg = Release|Any CPU
		{D3D6EA2F-DE3C-44CE-8248-47A2B29CF1C5}.Release|x86.Build.0 = Release|Any CPU
		{0AEC755A-2987-43F2-95BE-3486CFC80439}.Debug|Any CPU.ActiveCfg = Debug|Any CPU
		{0AEC755A-2987-43F2-95BE-3486CFC80439}.Debug|Any CPU.Build.0 = Debug|Any CPU
		{0AEC755A-2987-43F2-95BE-3486CFC80439}.Debug|x64.ActiveCfg = Debug|Any CPU
		{0AEC755A-2987-43F2-95BE-3486CFC80439}.Debug|x64.Build.0 = Debug|Any CPU
		{0AEC755A-2987-43F2-95BE-3486CFC80439}.Debug|x86.ActiveCfg = Debug|Any CPU
		{0AEC755A-2987-43F2-95BE-3486CFC80439}.Debug|x86.Build.0 = Debug|Any CPU
		{0AEC755A-2987-43F2-95BE-3486CFC80439}.Release|Any CPU.ActiveCfg = Release|Any CPU
		{0AEC755A-2987-43F2-95BE-3486CFC80439}.Release|Any CPU.Build.0 = Release|Any CPU
		{0AEC755A-2987-43F2-95BE-3486CFC80439}.Release|x64.ActiveCfg = Release|Any CPU
		{0AEC755A-2987-43F2-95BE-3486CFC80439}.Release|x64.Build.0 = Release|Any CPU
		{0AEC755A-2987-43F2-95BE-3486CFC80439}.Release|x86.ActiveCfg = Release|Any CPU
		{0AEC755A-2987-43F2-95BE-3486CFC80439}.Release|x86.Build.0 = Release|Any CPU
		{4C9E3F87-A611-4AD1-AA41-B684F0CB07EB}.Debug|Any CPU.ActiveCfg = Debug|Any CPU
		{4C9E3F87-A611-4AD1-AA41-B684F0CB07EB}.Debug|Any CPU.Build.0 = Debug|Any CPU
		{4C9E3F87-A611-4AD1-AA41-B684F0CB07EB}.Debug|x64.ActiveCfg = Debug|Any CPU
		{4C9E3F87-A611-4AD1-AA41-B684F0CB07EB}.Debug|x64.Build.0 = Debug|Any CPU
		{4C9E3F87-A611-4AD1-AA41-B684F0CB07EB}.Debug|x86.ActiveCfg = Debug|Any CPU
		{4C9E3F87-A611-4AD1-AA41-B684F0CB07EB}.Debug|x86.Build.0 = Debug|Any CPU
		{4C9E3F87-A611-4AD1-AA41-B684F0CB07EB}.Release|Any CPU.ActiveCfg = Release|Any CPU
		{4C9E3F87-A611-4AD1-AA41-B684F0CB07EB}.Release|Any CPU.Build.0 = Release|Any CPU
		{4C9E3F87-A611-4AD1-AA41-B684F0CB07EB}.Release|x64.ActiveCfg = Release|Any CPU
		{4C9E3F87-A611-4AD1-AA41-B684F0CB07EB}.Release|x64.Build.0 = Release|Any CPU
		{4C9E3F87-A611-4AD1-AA41-B684F0CB07EB}.Release|x86.ActiveCfg = Release|Any CPU
		{4C9E3F87-A611-4AD1-AA41-B684F0CB07EB}.Release|x86.Build.0 = Release|Any CPU
		{676B39DB-571E-4DC3-B723-26C8DC80F493}.Debug|Any CPU.ActiveCfg = Debug|Any CPU
		{676B39DB-571E-4DC3-B723-26C8DC80F493}.Debug|Any CPU.Build.0 = Debug|Any CPU
		{676B39DB-571E-4DC3-B723-26C8DC80F493}.Debug|x64.ActiveCfg = Debug|Any CPU
		{676B39DB-571E-4DC3-B723-26C8DC80F493}.Debug|x64.Build.0 = Debug|Any CPU
		{676B39DB-571E-4DC3-B723-26C8DC80F493}.Debug|x86.ActiveCfg = Debug|Any CPU
		{676B39DB-571E-4DC3-B723-26C8DC80F493}.Debug|x86.Build.0 = Debug|Any CPU
		{676B39DB-571E-4DC3-B723-26C8DC80F493}.Release|Any CPU.ActiveCfg = Release|Any CPU
		{676B39DB-571E-4DC3-B723-26C8DC80F493}.Release|Any CPU.Build.0 = Release|Any CPU
		{676B39DB-571E-4DC3-B723-26C8DC80F493}.Release|x64.ActiveCfg = Release|Any CPU
		{676B39DB-571E-4DC3-B723-26C8DC80F493}.Release|x64.Build.0 = Release|Any CPU
		{676B39DB-571E-4DC3-B723-26C8DC80F493}.Release|x86.ActiveCfg = Release|Any CPU
		{676B39DB-571E-4DC3-B723-26C8DC80F493}.Release|x86.Build.0 = Release|Any CPU
		{22DFB061-4C95-4F05-89C8-DAF78AB9BE7C}.Debug|Any CPU.ActiveCfg = Debug|Any CPU
		{22DFB061-4C95-4F05-89C8-DAF78AB9BE7C}.Debug|Any CPU.Build.0 = Debug|Any CPU
		{22DFB061-4C95-4F05-89C8-DAF78AB9BE7C}.Debug|x64.ActiveCfg = Debug|Any CPU
		{22DFB061-4C95-4F05-89C8-DAF78AB9BE7C}.Debug|x64.Build.0 = Debug|Any CPU
		{22DFB061-4C95-4F05-89C8-DAF78AB9BE7C}.Debug|x86.ActiveCfg = Debug|Any CPU
		{22DFB061-4C95-4F05-89C8-DAF78AB9BE7C}.Debug|x86.Build.0 = Debug|Any CPU
		{22DFB061-4C95-4F05-89C8-DAF78AB9BE7C}.Release|Any CPU.ActiveCfg = Release|Any CPU
		{22DFB061-4C95-4F05-89C8-DAF78AB9BE7C}.Release|Any CPU.Build.0 = Release|Any CPU
		{22DFB061-4C95-4F05-89C8-DAF78AB9BE7C}.Release|x64.ActiveCfg = Release|Any CPU
		{22DFB061-4C95-4F05-89C8-DAF78AB9BE7C}.Release|x64.Build.0 = Release|Any CPU
		{22DFB061-4C95-4F05-89C8-DAF78AB9BE7C}.Release|x86.ActiveCfg = Release|Any CPU
		{22DFB061-4C95-4F05-89C8-DAF78AB9BE7C}.Release|x86.Build.0 = Release|Any CPU
		{FDFEA7A6-E39A-4383-BB1A-42EC7AC48FD5}.Debug|Any CPU.ActiveCfg = Debug|Any CPU
		{FDFEA7A6-E39A-4383-BB1A-42EC7AC48FD5}.Debug|Any CPU.Build.0 = Debug|Any CPU
		{FDFEA7A6-E39A-4383-BB1A-42EC7AC48FD5}.Debug|x64.ActiveCfg = Debug|Any CPU
		{FDFEA7A6-E39A-4383-BB1A-42EC7AC48FD5}.Debug|x64.Build.0 = Debug|Any CPU
		{FDFEA7A6-E39A-4383-BB1A-42EC7AC48FD5}.Debug|x86.ActiveCfg = Debug|Any CPU
		{FDFEA7A6-E39A-4383-BB1A-42EC7AC48FD5}.Debug|x86.Build.0 = Debug|Any CPU
		{FDFEA7A6-E39A-4383-BB1A-42EC7AC48FD5}.Release|Any CPU.ActiveCfg = Release|Any CPU
		{FDFEA7A6-E39A-4383-BB1A-42EC7AC48FD5}.Release|Any CPU.Build.0 = Release|Any CPU
		{FDFEA7A6-E39A-4383-BB1A-42EC7AC48FD5}.Release|x64.ActiveCfg = Release|Any CPU
		{FDFEA7A6-E39A-4383-BB1A-42EC7AC48FD5}.Release|x64.Build.0 = Release|Any CPU
		{FDFEA7A6-E39A-4383-BB1A-42EC7AC48FD5}.Release|x86.ActiveCfg = Release|Any CPU
		{FDFEA7A6-E39A-4383-BB1A-42EC7AC48FD5}.Release|x86.Build.0 = Release|Any CPU
	EndGlobalSection
	GlobalSection(NestedProjects) = preSolution
		{D3D6EA2F-DE3C-44CE-8248-47A2B29CF1C5} = {E58D2BDE-8662-4736-87A1-A5A8FB411F8F}
		{0AEC755A-2987-43F2-95BE-3486CFC80439} = {E9355680-71C4-4071-945E-DE501F63374D}
		{4C9E3F87-A611-4AD1-AA41-B684F0CB07EB} = {DE188D39-7F6E-46B2-A943-317161CFCB67}
		{54D0B636-14B8-4A7F-8A10-A4B4C3906AF7} = {F38F0573-6072-407E-A191-58726A299F9F}
		{676B39DB-571E-4DC3-B723-26C8DC80F493} = {54D0B636-14B8-4A7F-8A10-A4B4C3906AF7}
		{DD0AF3BB-E0C1-43D2-9383-3D12D1113D11} = {F38F0573-6072-407E-A191-58726A299F9F}
		{22DFB061-4C95-4F05-89C8-DAF78AB9BE7C} = {DD0AF3BB-E0C1-43D2-9383-3D12D1113D11}
		{FDFEA7A6-E39A-4383-BB1A-42EC7AC48FD5} = {DD0AF3BB-E0C1-43D2-9383-3D12D1113D11}
	EndGlobalSection
EndGlobal
